// !$*UTF8*$!
{
	archiveVersion = 1;
	classes = {
	};
	objectVersion = 46;
	objects = {

/* Begin PBXBuildFile section */
		43294C5F16ABB8B00074867D /* UIKit.framework in Frameworks */ = {isa = PBXBuildFile; fileRef = 43294C5E16ABB8B00074867D /* UIKit.framework */; };
		43294C6116ABB8B00074867D /* Foundation.framework in Frameworks */ = {isa = PBXBuildFile; fileRef = 43294C6016ABB8B00074867D /* Foundation.framework */; };
		43294C6316ABB8B00074867D /* CoreGraphics.framework in Frameworks */ = {isa = PBXBuildFile; fileRef = 43294C6216ABB8B00074867D /* CoreGraphics.framework */; };
		43294C6916ABB8B00074867D /* InfoPlist.strings in Resources */ = {isa = PBXBuildFile; fileRef = 43294C6716ABB8B00074867D /* InfoPlist.strings */; };
		43294C6B16ABB8B00074867D /* main.m in Sources */ = {isa = PBXBuildFile; fileRef = 43294C6A16ABB8B00074867D /* main.m */; };
		43294C6F16ABB8B00074867D /* AppDelegate.m in Sources */ = {isa = PBXBuildFile; fileRef = 43294C6E16ABB8B00074867D /* AppDelegate.m */; };
		43294C7116ABB8B00074867D /* Default.png in Resources */ = {isa = PBXBuildFile; fileRef = 43294C7016ABB8B00074867D /* Default.png */; };
		43294C7316ABB8B00074867D /* Default@2x.png in Resources */ = {isa = PBXBuildFile; fileRef = 43294C7216ABB8B00074867D /* Default@2x.png */; };
		43294C7516ABB8B00074867D /* Default-568h@2x.png in Resources */ = {isa = PBXBuildFile; fileRef = 43294C7416ABB8B00074867D /* Default-568h@2x.png */; };
		43294C7816ABB8B00074867D /* MainStoryboard_iPhone.storyboard in Resources */ = {isa = PBXBuildFile; fileRef = 43294C7616ABB8B00074867D /* MainStoryboard_iPhone.storyboard */; };
		43294C7B16ABB8B00074867D /* MainStoryboard_iPad.storyboard in Resources */ = {isa = PBXBuildFile; fileRef = 43294C7916ABB8B00074867D /* MainStoryboard_iPad.storyboard */; };
		43294C7E16ABB8B00074867D /* ViewController.m in Sources */ = {isa = PBXBuildFile; fileRef = 43294C7D16ABB8B00074867D /* ViewController.m */; };
		43294C8616ABB8B10074867D /* SenTestingKit.framework in Frameworks */ = {isa = PBXBuildFile; fileRef = 43294C8516ABB8B10074867D /* SenTestingKit.framework */; };
		43294C8716ABB8B10074867D /* UIKit.framework in Frameworks */ = {isa = PBXBuildFile; fileRef = 43294C5E16ABB8B00074867D /* UIKit.framework */; };
		43294C8816ABB8B10074867D /* Foundation.framework in Frameworks */ = {isa = PBXBuildFile; fileRef = 43294C6016ABB8B00074867D /* Foundation.framework */; };
		43294C9016ABB8B10074867D /* InfoPlist.strings in Resources */ = {isa = PBXBuildFile; fileRef = 43294C8E16ABB8B10074867D /* InfoPlist.strings */; };
		43294C9316ABB8B10074867D /* WebServiceTests.m in Sources */ = {isa = PBXBuildFile; fileRef = 43294C9216ABB8B10074867D /* WebServiceTests.m */; };
		4351DE6116ABC970005B4C41 /* MBProgressHUD.m in Sources */ = {isa = PBXBuildFile; fileRef = 4351DE6016ABC970005B4C41 /* MBProgressHUD.m */; };
		43BD8CDA16ABBCD6003144E7 /* ASIAuthenticationDialog.m in Sources */ = {isa = PBXBuildFile; fileRef = 43BD8C8916ABBCD6003144E7 /* ASIAuthenticationDialog.m */; settings = {COMPILER_FLAGS = "-fno-objc-arc"; }; };
		43BD8CDB16ABBCD6003144E7 /* ASIDataCompressor.m in Sources */ = {isa = PBXBuildFile; fileRef = 43BD8C8C16ABBCD6003144E7 /* ASIDataCompressor.m */; settings = {COMPILER_FLAGS = "-fno-objc-arc"; }; };
		43BD8CDC16ABBCD6003144E7 /* ASIDataDecompressor.m in Sources */ = {isa = PBXBuildFile; fileRef = 43BD8C8E16ABBCD6003144E7 /* ASIDataDecompressor.m */; settings = {COMPILER_FLAGS = "-fno-objc-arc"; }; };
		43BD8CDD16ABBCD6003144E7 /* ASIDownloadCache.m in Sources */ = {isa = PBXBuildFile; fileRef = 43BD8C9016ABBCD6003144E7 /* ASIDownloadCache.m */; settings = {COMPILER_FLAGS = "-fno-objc-arc"; }; };
		43BD8CDE16ABBCD6003144E7 /* ASIFormDataRequest.m in Sources */ = {isa = PBXBuildFile; fileRef = 43BD8C9216ABBCD6003144E7 /* ASIFormDataRequest.m */; settings = {COMPILER_FLAGS = "-fno-objc-arc"; }; };
		43BD8CDF16ABBCD6003144E7 /* ASIHTTPRequest.m in Sources */ = {isa = PBXBuildFile; fileRef = 43BD8C9416ABBCD6003144E7 /* ASIHTTPRequest.m */; settings = {COMPILER_FLAGS = "-fno-objc-arc"; }; };
		43BD8CE016ABBCD6003144E7 /* ASIInputStream.m in Sources */ = {isa = PBXBuildFile; fileRef = 43BD8C9816ABBCD6003144E7 /* ASIInputStream.m */; settings = {COMPILER_FLAGS = "-fno-objc-arc"; }; };
		43BD8CE116ABBCD6003144E7 /* ASINetworkQueue.m in Sources */ = {isa = PBXBuildFile; fileRef = 43BD8C9A16ABBCD6003144E7 /* ASINetworkQueue.m */; settings = {COMPILER_FLAGS = "-fno-objc-arc"; }; };
		43BD8D1816ABBD56003144E7 /* NSObject+SBJson.m in Sources */ = {isa = PBXBuildFile; fileRef = 43BD8D0016ABBD56003144E7 /* NSObject+SBJson.m */; };
		43BD8D1916ABBD56003144E7 /* SBJsonParser.m in Sources */ = {isa = PBXBuildFile; fileRef = 43BD8D0316ABBD56003144E7 /* SBJsonParser.m */; };
		43BD8D1A16ABBD56003144E7 /* SBJsonStreamParser.m in Sources */ = {isa = PBXBuildFile; fileRef = 43BD8D0516ABBD56003144E7 /* SBJsonStreamParser.m */; };
		43BD8D1B16ABBD56003144E7 /* SBJsonStreamParserAccumulator.m in Sources */ = {isa = PBXBuildFile; fileRef = 43BD8D0716ABBD56003144E7 /* SBJsonStreamParserAccumulator.m */; };
		43BD8D1C16ABBD56003144E7 /* SBJsonStreamParserAdapter.m in Sources */ = {isa = PBXBuildFile; fileRef = 43BD8D0916ABBD56003144E7 /* SBJsonStreamParserAdapter.m */; };
		43BD8D1D16ABBD56003144E7 /* SBJsonStreamParserState.m in Sources */ = {isa = PBXBuildFile; fileRef = 43BD8D0B16ABBD56003144E7 /* SBJsonStreamParserState.m */; };
		43BD8D1E16ABBD56003144E7 /* SBJsonStreamWriter.m in Sources */ = {isa = PBXBuildFile; fileRef = 43BD8D0D16ABBD56003144E7 /* SBJsonStreamWriter.m */; };
		43BD8D1F16ABBD56003144E7 /* SBJsonStreamWriterAccumulator.m in Sources */ = {isa = PBXBuildFile; fileRef = 43BD8D0F16ABBD56003144E7 /* SBJsonStreamWriterAccumulator.m */; };
		43BD8D2016ABBD56003144E7 /* SBJsonStreamWriterState.m in Sources */ = {isa = PBXBuildFile; fileRef = 43BD8D1116ABBD56003144E7 /* SBJsonStreamWriterState.m */; };
		43BD8D2116ABBD56003144E7 /* SBJsonTokeniser.m in Sources */ = {isa = PBXBuildFile; fileRef = 43BD8D1316ABBD56003144E7 /* SBJsonTokeniser.m */; };
		43BD8D2216ABBD56003144E7 /* SBJsonUTF8Stream.m in Sources */ = {isa = PBXBuildFile; fileRef = 43BD8D1516ABBD56003144E7 /* SBJsonUTF8Stream.m */; };
		43BD8D2316ABBD56003144E7 /* SBJsonWriter.m in Sources */ = {isa = PBXBuildFile; fileRef = 43BD8D1716ABBD56003144E7 /* SBJsonWriter.m */; };
		43BD8D2616ABBEAC003144E7 /* CFNetwork.framework in Frameworks */ = {isa = PBXBuildFile; fileRef = 43BD8D2516ABBEAC003144E7 /* CFNetwork.framework */; };
		43BD8D2816ABBEC0003144E7 /* SystemConfiguration.framework in Frameworks */ = {isa = PBXBuildFile; fileRef = 43BD8D2716ABBEC0003144E7 /* SystemConfiguration.framework */; };
		43BD8D2A16ABBED3003144E7 /* MobileCoreServices.framework in Frameworks */ = {isa = PBXBuildFile; fileRef = 43BD8D2916ABBED3003144E7 /* MobileCoreServices.framework */; };
		43BD8D2F16ABC0C8003144E7 /* Reachability.m in Sources */ = {isa = PBXBuildFile; fileRef = 43BD8D2E16ABC0C8003144E7 /* Reachability.m */; settings = {COMPILER_FLAGS = "-fno-objc-arc"; }; };
		43BD8D3116ABC16A003144E7 /* libz.dylib in Frameworks */ = {isa = PBXBuildFile; fileRef = 43BD8D3016ABC16A003144E7 /* libz.dylib */; };
/* End PBXBuildFile section */

/* Begin PBXContainerItemProxy section */
		43294C8916ABB8B10074867D /* PBXContainerItemProxy */ = {
			isa = PBXContainerItemProxy;
			containerPortal = 43294C5116ABB8B00074867D /* Project object */;
			proxyType = 1;
			remoteGlobalIDString = 43294C5916ABB8B00074867D;
			remoteInfo = WebService;
		};
/* End PBXContainerItemProxy section */

/* Begin PBXFileReference section */
		43294C5A16ABB8B00074867D /* WebService.app */ = {isa = PBXFileReference; explicitFileType = wrapper.application; includeInIndex = 0; path = WebService.app; sourceTree = BUILT_PRODUCTS_DIR; };
		43294C5E16ABB8B00074867D /* UIKit.framework */ = {isa = PBXFileReference; lastKnownFileType = wrapper.framework; name = UIKit.framework; path = System/Library/Frameworks/UIKit.framework; sourceTree = SDKROOT; };
		43294C6016ABB8B00074867D /* Foundation.framework */ = {isa = PBXFileReference; lastKnownFileType = wrapper.framework; name = Foundation.framework; path = System/Library/Frameworks/Foundation.framework; sourceTree = SDKROOT; };
		43294C6216ABB8B00074867D /* CoreGraphics.framework */ = {isa = PBXFileReference; lastKnownFileType = wrapper.framework; name = CoreGraphics.framework; path = System/Library/Frameworks/CoreGraphics.framework; sourceTree = SDKROOT; };
		43294C6616ABB8B00074867D /* WebService-Info.plist */ = {isa = PBXFileReference; lastKnownFileType = text.plist.xml; path = "WebService-Info.plist"; sourceTree = "<group>"; };
		43294C6816ABB8B00074867D /* en */ = {isa = PBXFileReference; lastKnownFileType = text.plist.strings; name = en; path = en.lproj/InfoPlist.strings; sourceTree = "<group>"; };
		43294C6A16ABB8B00074867D /* main.m */ = {isa = PBXFileReference; lastKnownFileType = sourcecode.c.objc; path = main.m; sourceTree = "<group>"; };
		43294C6C16ABB8B00074867D /* WebService-Prefix.pch */ = {isa = PBXFileReference; lastKnownFileType = sourcecode.c.h; path = "WebService-Prefix.pch"; sourceTree = "<group>"; };
		43294C6D16ABB8B00074867D /* AppDelegate.h */ = {isa = PBXFileReference; lastKnownFileType = sourcecode.c.h; path = AppDelegate.h; sourceTree = "<group>"; };
		43294C6E16ABB8B00074867D /* AppDelegate.m */ = {isa = PBXFileReference; lastKnownFileType = sourcecode.c.objc; path = AppDelegate.m; sourceTree = "<group>"; };
		43294C7016ABB8B00074867D /* Default.png */ = {isa = PBXFileReference; lastKnownFileType = image.png; path = Default.png; sourceTree = "<group>"; };
		43294C7216ABB8B00074867D /* Default@2x.png */ = {isa = PBXFileReference; lastKnownFileType = image.png; path = "Default@2x.png"; sourceTree = "<group>"; };
		43294C7416ABB8B00074867D /* Default-568h@2x.png */ = {isa = PBXFileReference; lastKnownFileType = image.png; path = "Default-568h@2x.png"; sourceTree = "<group>"; };
		43294C7716ABB8B00074867D /* en */ = {isa = PBXFileReference; lastKnownFileType = file.storyboard; name = en; path = en.lproj/MainStoryboard_iPhone.storyboard; sourceTree = "<group>"; };
		43294C7A16ABB8B00074867D /* en */ = {isa = PBXFileReference; lastKnownFileType = file.storyboard; name = en; path = en.lproj/MainStoryboard_iPad.storyboard; sourceTree = "<group>"; };
		43294C7C16ABB8B00074867D /* ViewController.h */ = {isa = PBXFileReference; lastKnownFileType = sourcecode.c.h; path = ViewController.h; sourceTree = "<group>"; };
		43294C7D16ABB8B00074867D /* ViewController.m */ = {isa = PBXFileReference; lastKnownFileType = sourcecode.c.objc; path = ViewController.m; sourceTree = "<group>"; };
		43294C8416ABB8B10074867D /* WebServiceTests.octest */ = {isa = PBXFileReference; explicitFileType = wrapper.cfbundle; includeInIndex = 0; path = WebServiceTests.octest; sourceTree = BUILT_PRODUCTS_DIR; };
		43294C8516ABB8B10074867D /* SenTestingKit.framework */ = {isa = PBXFileReference; lastKnownFileType = wrapper.framework; name = SenTestingKit.framework; path = Library/Frameworks/SenTestingKit.framework; sourceTree = DEVELOPER_DIR; };
		43294C8D16ABB8B10074867D /* WebServiceTests-Info.plist */ = {isa = PBXFileReference; lastKnownFileType = text.plist.xml; path = "WebServiceTests-Info.plist"; sourceTree = "<group>"; };
		43294C8F16ABB8B10074867D /* en */ = {isa = PBXFileReference; lastKnownFileType = text.plist.strings; name = en; path = en.lproj/InfoPlist.strings; sourceTree = "<group>"; };
		43294C9116ABB8B10074867D /* WebServiceTests.h */ = {isa = PBXFileReference; lastKnownFileType = sourcecode.c.h; path = WebServiceTests.h; sourceTree = "<group>"; };
		43294C9216ABB8B10074867D /* WebServiceTests.m */ = {isa = PBXFileReference; lastKnownFileType = sourcecode.c.objc; path = WebServiceTests.m; sourceTree = "<group>"; };
		4351DE5F16ABC970005B4C41 /* MBProgressHUD.h */ = {isa = PBXFileReference; fileEncoding = 4; lastKnownFileType = sourcecode.c.h; path = MBProgressHUD.h; sourceTree = "<group>"; };
		4351DE6016ABC970005B4C41 /* MBProgressHUD.m */ = {isa = PBXFileReference; fileEncoding = 4; lastKnownFileType = sourcecode.c.objc; path = MBProgressHUD.m; sourceTree = "<group>"; };
		43BD8C8816ABBCD6003144E7 /* ASIAuthenticationDialog.h */ = {isa = PBXFileReference; fileEncoding = 4; lastKnownFileType = sourcecode.c.h; path = ASIAuthenticationDialog.h; sourceTree = "<group>"; };
		43BD8C8916ABBCD6003144E7 /* ASIAuthenticationDialog.m */ = {isa = PBXFileReference; fileEncoding = 4; lastKnownFileType = sourcecode.c.objc; path = ASIAuthenticationDialog.m; sourceTree = "<group>"; };
		43BD8C8A16ABBCD6003144E7 /* ASICacheDelegate.h */ = {isa = PBXFileReference; fileEncoding = 4; lastKnownFileType = sourcecode.c.h; path = ASICacheDelegate.h; sourceTree = "<group>"; };
		43BD8C8B16ABBCD6003144E7 /* ASIDataCompressor.h */ = {isa = PBXFileReference; fileEncoding = 4; lastKnownFileType = sourcecode.c.h; path = ASIDataCompressor.h; sourceTree = "<group>"; };
		43BD8C8C16ABBCD6003144E7 /* ASIDataCompressor.m */ = {isa = PBXFileReference; fileEncoding = 4; lastKnownFileType = sourcecode.c.objc; path = ASIDataCompressor.m; sourceTree = "<group>"; };
		43BD8C8D16ABBCD6003144E7 /* ASIDataDecompressor.h */ = {isa = PBXFileReference; fileEncoding = 4; lastKnownFileType = sourcecode.c.h; path = ASIDataDecompressor.h; sourceTree = "<group>"; };
		43BD8C8E16ABBCD6003144E7 /* ASIDataDecompressor.m */ = {isa = PBXFileReference; fileEncoding = 4; lastKnownFileType = sourcecode.c.objc; path = ASIDataDecompressor.m; sourceTree = "<group>"; };
		43BD8C8F16ABBCD6003144E7 /* ASIDownloadCache.h */ = {isa = PBXFileReference; fileEncoding = 4; lastKnownFileType = sourcecode.c.h; path = ASIDownloadCache.h; sourceTree = "<group>"; };
		43BD8C9016ABBCD6003144E7 /* ASIDownloadCache.m */ = {isa = PBXFileReference; fileEncoding = 4; lastKnownFileType = sourcecode.c.objc; path = ASIDownloadCache.m; sourceTree = "<group>"; };
		43BD8C9116ABBCD6003144E7 /* ASIFormDataRequest.h */ = {isa = PBXFileReference; fileEncoding = 4; lastKnownFileType = sourcecode.c.h; path = ASIFormDataRequest.h; sourceTree = "<group>"; };
		43BD8C9216ABBCD6003144E7 /* ASIFormDataRequest.m */ = {isa = PBXFileReference; fileEncoding = 4; lastKnownFileType = sourcecode.c.objc; path = ASIFormDataRequest.m; sourceTree = "<group>"; };
		43BD8C9316ABBCD6003144E7 /* ASIHTTPRequest.h */ = {isa = PBXFileReference; fileEncoding = 4; lastKnownFileType = sourcecode.c.h; path = ASIHTTPRequest.h; sourceTree = "<group>"; };
		43BD8C9416ABBCD6003144E7 /* ASIHTTPRequest.m */ = {isa = PBXFileReference; fileEncoding = 4; lastKnownFileType = sourcecode.c.objc; path = ASIHTTPRequest.m; sourceTree = "<group>"; };
		43BD8C9516ABBCD6003144E7 /* ASIHTTPRequestConfig.h */ = {isa = PBXFileReference; fileEncoding = 4; lastKnownFileType = sourcecode.c.h; path = ASIHTTPRequestConfig.h; sourceTree = "<group>"; };
		43BD8C9616ABBCD6003144E7 /* ASIHTTPRequestDelegate.h */ = {isa = PBXFileReference; fileEncoding = 4; lastKnownFileType = sourcecode.c.h; path = ASIHTTPRequestDelegate.h; sourceTree = "<group>"; };
		43BD8C9716ABBCD6003144E7 /* ASIInputStream.h */ = {isa = PBXFileReference; fileEncoding = 4; lastKnownFileType = sourcecode.c.h; path = ASIInputStream.h; sourceTree = "<group>"; };
		43BD8C9816ABBCD6003144E7 /* ASIInputStream.m */ = {isa = PBXFileReference; fileEncoding = 4; lastKnownFileType = sourcecode.c.objc; path = ASIInputStream.m; sourceTree = "<group>"; };
		43BD8C9916ABBCD6003144E7 /* ASINetworkQueue.h */ = {isa = PBXFileReference; fileEncoding = 4; lastKnownFileType = sourcecode.c.h; path = ASINetworkQueue.h; sourceTree = "<group>"; };
		43BD8C9A16ABBCD6003144E7 /* ASINetworkQueue.m */ = {isa = PBXFileReference; fileEncoding = 4; lastKnownFileType = sourcecode.c.objc; path = ASINetworkQueue.m; sourceTree = "<group>"; };
		43BD8C9B16ABBCD6003144E7 /* ASIProgressDelegate.h */ = {isa = PBXFileReference; fileEncoding = 4; lastKnownFileType = sourcecode.c.h; path = ASIProgressDelegate.h; sourceTree = "<group>"; };
		43BD8CFF16ABBD56003144E7 /* NSObject+SBJson.h */ = {isa = PBXFileReference; fileEncoding = 4; lastKnownFileType = sourcecode.c.h; path = "NSObject+SBJson.h"; sourceTree = "<group>"; };
		43BD8D0016ABBD56003144E7 /* NSObject+SBJson.m */ = {isa = PBXFileReference; fileEncoding = 4; lastKnownFileType = sourcecode.c.objc; path = "NSObject+SBJson.m"; sourceTree = "<group>"; };
		43BD8D0116ABBD56003144E7 /* SBJson.h */ = {isa = PBXFileReference; fileEncoding = 4; lastKnownFileType = sourcecode.c.h; path = SBJson.h; sourceTree = "<group>"; };
		43BD8D0216ABBD56003144E7 /* SBJsonParser.h */ = {isa = PBXFileReference; fileEncoding = 4; lastKnownFileType = sourcecode.c.h; path = SBJsonParser.h; sourceTree = "<group>"; };
		43BD8D0316ABBD56003144E7 /* SBJsonParser.m */ = {isa = PBXFileReference; fileEncoding = 4; lastKnownFileType = sourcecode.c.objc; path = SBJsonParser.m; sourceTree = "<group>"; };
		43BD8D0416ABBD56003144E7 /* SBJsonStreamParser.h */ = {isa = PBXFileReference; fileEncoding = 4; lastKnownFileType = sourcecode.c.h; path = SBJsonStreamParser.h; sourceTree = "<group>"; };
		43BD8D0516ABBD56003144E7 /* SBJsonStreamParser.m */ = {isa = PBXFileReference; fileEncoding = 4; lastKnownFileType = sourcecode.c.objc; path = SBJsonStreamParser.m; sourceTree = "<group>"; };
		43BD8D0616ABBD56003144E7 /* SBJsonStreamParserAccumulator.h */ = {isa = PBXFileReference; fileEncoding = 4; lastKnownFileType = sourcecode.c.h; path = SBJsonStreamParserAccumulator.h; sourceTree = "<group>"; };
		43BD8D0716ABBD56003144E7 /* SBJsonStreamParserAccumulator.m */ = {isa = PBXFileReference; fileEncoding = 4; lastKnownFileType = sourcecode.c.objc; path = SBJsonStreamParserAccumulator.m; sourceTree = "<group>"; };
		43BD8D0816ABBD56003144E7 /* SBJsonStreamParserAdapter.h */ = {isa = PBXFileReference; fileEncoding = 4; lastKnownFileType = sourcecode.c.h; path = SBJsonStreamParserAdapter.h; sourceTree = "<group>"; };
		43BD8D0916ABBD56003144E7 /* SBJsonStreamParserAdapter.m */ = {isa = PBXFileReference; fileEncoding = 4; lastKnownFileType = sourcecode.c.objc; path = SBJsonStreamParserAdapter.m; sourceTree = "<group>"; };
		43BD8D0A16ABBD56003144E7 /* SBJsonStreamParserState.h */ = {isa = PBXFileReference; fileEncoding = 4; lastKnownFileType = sourcecode.c.h; path = SBJsonStreamParserState.h; sourceTree = "<group>"; };
		43BD8D0B16ABBD56003144E7 /* SBJsonStreamParserState.m */ = {isa = PBXFileReference; fileEncoding = 4; lastKnownFileType = sourcecode.c.objc; path = SBJsonStreamParserState.m; sourceTree = "<group>"; };
		43BD8D0C16ABBD56003144E7 /* SBJsonStreamWriter.h */ = {isa = PBXFileReference; fileEncoding = 4; lastKnownFileType = sourcecode.c.h; path = SBJsonStreamWriter.h; sourceTree = "<group>"; };
		43BD8D0D16ABBD56003144E7 /* SBJsonStreamWriter.m */ = {isa = PBXFileReference; fileEncoding = 4; lastKnownFileType = sourcecode.c.objc; path = SBJsonStreamWriter.m; sourceTree = "<group>"; };
		43BD8D0E16ABBD56003144E7 /* SBJsonStreamWriterAccumulator.h */ = {isa = PBXFileReference; fileEncoding = 4; lastKnownFileType = sourcecode.c.h; path = SBJsonStreamWriterAccumulator.h; sourceTree = "<group>"; };
		43BD8D0F16ABBD56003144E7 /* SBJsonStreamWriterAccumulator.m */ = {isa = PBXFileReference; fileEncoding = 4; lastKnownFileType = sourcecode.c.objc; path = SBJsonStreamWriterAccumulator.m; sourceTree = "<group>"; };
		43BD8D1016ABBD56003144E7 /* SBJsonStreamWriterState.h */ = {isa = PBXFileReference; fileEncoding = 4; lastKnownFileType = sourcecode.c.h; path = SBJsonStreamWriterState.h; sourceTree = "<group>"; };
		43BD8D1116ABBD56003144E7 /* SBJsonStreamWriterState.m */ = {isa = PBXFileReference; fileEncoding = 4; lastKnownFileType = sourcecode.c.objc; path = SBJsonStreamWriterState.m; sourceTree = "<group>"; };
		43BD8D1216ABBD56003144E7 /* SBJsonTokeniser.h */ = {isa = PBXFileReference; fileEncoding = 4; lastKnownFileType = sourcecode.c.h; path = SBJsonTokeniser.h; sourceTree = "<group>"; };
		43BD8D1316ABBD56003144E7 /* SBJsonTokeniser.m */ = {isa = PBXFileReference; fileEncoding = 4; lastKnownFileType = sourcecode.c.objc; path = SBJsonTokeniser.m; sourceTree = "<group>"; };
		43BD8D1416ABBD56003144E7 /* SBJsonUTF8Stream.h */ = {isa = PBXFileReference; fileEncoding = 4; lastKnownFileType = sourcecode.c.h; path = SBJsonUTF8Stream.h; sourceTree = "<group>"; };
		43BD8D1516ABBD56003144E7 /* SBJsonUTF8Stream.m */ = {isa = PBXFileReference; fileEncoding = 4; lastKnownFileType = sourcecode.c.objc; path = SBJsonUTF8Stream.m; sourceTree = "<group>"; };
		43BD8D1616ABBD56003144E7 /* SBJsonWriter.h */ = {isa = PBXFileReference; fileEncoding = 4; lastKnownFileType = sourcecode.c.h; path = SBJsonWriter.h; sourceTree = "<group>"; };
		43BD8D1716ABBD56003144E7 /* SBJsonWriter.m */ = {isa = PBXFileReference; fileEncoding = 4; lastKnownFileType = sourcecode.c.objc; path = SBJsonWriter.m; sourceTree = "<group>"; };
		43BD8D2516ABBEAC003144E7 /* CFNetwork.framework */ = {isa = PBXFileReference; lastKnownFileType = wrapper.framework; name = CFNetwork.framework; path = System/Library/Frameworks/CFNetwork.framework; sourceTree = SDKROOT; };
		43BD8D2716ABBEC0003144E7 /* SystemConfiguration.framework */ = {isa = PBXFileReference; lastKnownFileType = wrapper.framework; name = SystemConfiguration.framework; path = System/Library/Frameworks/SystemConfiguration.framework; sourceTree = SDKROOT; };
		43BD8D2916ABBED3003144E7 /* MobileCoreServices.framework */ = {isa = PBXFileReference; lastKnownFileType = wrapper.framework; name = MobileCoreServices.framework; path = System/Library/Frameworks/MobileCoreServices.framework; sourceTree = SDKROOT; };
		43BD8D2D16ABC0C8003144E7 /* Reachability.h */ = {isa = PBXFileReference; fileEncoding = 4; lastKnownFileType = sourcecode.c.h; path = Reachability.h; sourceTree = "<group>"; };
		43BD8D2E16ABC0C8003144E7 /* Reachability.m */ = {isa = PBXFileReference; fileEncoding = 4; lastKnownFileType = sourcecode.c.objc; path = Reachability.m; sourceTree = "<group>"; };
		43BD8D3016ABC16A003144E7 /* libz.dylib */ = {isa = PBXFileReference; lastKnownFileType = "compiled.mach-o.dylib"; name = libz.dylib; path = usr/lib/libz.dylib; sourceTree = SDKROOT; };
/* End PBXFileReference section */

/* Begin PBXFrameworksBuildPhase section */
		43294C5716ABB8B00074867D /* Frameworks */ = {
			isa = PBXFrameworksBuildPhase;
			buildActionMask = 2147483647;
			files = (
				43BD8D3116ABC16A003144E7 /* libz.dylib in Frameworks */,
				43BD8D2A16ABBED3003144E7 /* MobileCoreServices.framework in Frameworks */,
				43BD8D2816ABBEC0003144E7 /* SystemConfiguration.framework in Frameworks */,
				43BD8D2616ABBEAC003144E7 /* CFNetwork.framework in Frameworks */,
				43294C5F16ABB8B00074867D /* UIKit.framework in Frameworks */,
				43294C6116ABB8B00074867D /* Foundation.framework in Frameworks */,
				43294C6316ABB8B00074867D /* CoreGraphics.framework in Frameworks */,
			);
			runOnlyForDeploymentPostprocessing = 0;
		};
		43294C8016ABB8B10074867D /* Frameworks */ = {
			isa = PBXFrameworksBuildPhase;
			buildActionMask = 2147483647;
			files = (
				43294C8616ABB8B10074867D /* SenTestingKit.framework in Frameworks */,
				43294C8716ABB8B10074867D /* UIKit.framework in Frameworks */,
				43294C8816ABB8B10074867D /* Foundation.framework in Frameworks */,
			);
			runOnlyForDeploymentPostprocessing = 0;
		};
/* End PBXFrameworksBuildPhase section */

/* Begin PBXGroup section */
		4320D41616ABB95E00292341 /* MBProgressHUD */ = {
			isa = PBXGroup;
			children = (
				4351DE5F16ABC970005B4C41 /* MBProgressHUD.h */,
				4351DE6016ABC970005B4C41 /* MBProgressHUD.m */,
			);
			name = MBProgressHUD;
			path = WebService;
			sourceTree = "<group>";
		};
		43294C4F16ABB8AF0074867D = {
			isa = PBXGroup;
			children = (
				43BD8C8616ABBC8C003144E7 /* ASIHTTPRequest */,
				4320D41616ABB95E00292341 /* MBProgressHUD */,
				43BD8D2416ABBD6C003144E7 /* SBJson */,
				43294C6416ABB8B00074867D /* WebService */,
				43294C8B16ABB8B10074867D /* WebServiceTests */,
				43294C5D16ABB8B00074867D /* Frameworks */,
				43294C5B16ABB8B00074867D /* Products */,
			);
			sourceTree = "<group>";
		};
		43294C5B16ABB8B00074867D /* Products */ = {
			isa = PBXGroup;
			children = (
				43294C5A16ABB8B00074867D /* WebService.app */,
				43294C8416ABB8B10074867D /* WebServiceTests.octest */,
			);
			name = Products;
			sourceTree = "<group>";
		};
		43294C5D16ABB8B00074867D /* Frameworks */ = {
			isa = PBXGroup;
			children = (
				43BD8D3016ABC16A003144E7 /* libz.dylib */,
				43BD8D2916ABBED3003144E7 /* MobileCoreServices.framework */,
				43BD8D2716ABBEC0003144E7 /* SystemConfiguration.framework */,
				43BD8D2516ABBEAC003144E7 /* CFNetwork.framework */,
				43294C5E16ABB8B00074867D /* UIKit.framework */,
				43294C6016ABB8B00074867D /* Foundation.framework */,
				43294C6216ABB8B00074867D /* CoreGraphics.framework */,
				43294C8516ABB8B10074867D /* SenTestingKit.framework */,
			);
			name = Frameworks;
			sourceTree = "<group>";
		};
		43294C6416ABB8B00074867D /* WebService */ = {
			isa = PBXGroup;
			children = (
				43294C6D16ABB8B00074867D /* AppDelegate.h */,
				43294C6E16ABB8B00074867D /* AppDelegate.m */,
				43294C7616ABB8B00074867D /* MainStoryboard_iPhone.storyboard */,
				43294C7916ABB8B00074867D /* MainStoryboard_iPad.storyboard */,
				43294C7C16ABB8B00074867D /* ViewController.h */,
				43294C7D16ABB8B00074867D /* ViewController.m */,
				43294C6516ABB8B00074867D /* Supporting Files */,
			);
			path = WebService;
			sourceTree = "<group>";
		};
		43294C6516ABB8B00074867D /* Supporting Files */ = {
			isa = PBXGroup;
			children = (
				43294C6616ABB8B00074867D /* WebService-Info.plist */,
				43294C6716ABB8B00074867D /* InfoPlist.strings */,
				43294C6A16ABB8B00074867D /* main.m */,
				43294C6C16ABB8B00074867D /* WebService-Prefix.pch */,
				43294C7016ABB8B00074867D /* Default.png */,
				43294C7216ABB8B00074867D /* Default@2x.png */,
				43294C7416ABB8B00074867D /* Default-568h@2x.png */,
			);
			name = "Supporting Files";
			sourceTree = "<group>";
		};
		43294C8B16ABB8B10074867D /* WebServiceTests */ = {
			isa = PBXGroup;
			children = (
				43294C9116ABB8B10074867D /* WebServiceTests.h */,
				43294C9216ABB8B10074867D /* WebServiceTests.m */,
				43294C8C16ABB8B10074867D /* Supporting Files */,
			);
			path = WebServiceTests;
			sourceTree = "<group>";
		};
		43294C8C16ABB8B10074867D /* Supporting Files */ = {
			isa = PBXGroup;
			children = (
				43294C8D16ABB8B10074867D /* WebServiceTests-Info.plist */,
				43294C8E16ABB8B10074867D /* InfoPlist.strings */,
			);
			name = "Supporting Files";
			sourceTree = "<group>";
		};
		43BD8C8616ABBC8C003144E7 /* ASIHTTPRequest */ = {
			isa = PBXGroup;
			children = (
				43BD8D2D16ABC0C8003144E7 /* Reachability.h */,
				43BD8D2E16ABC0C8003144E7 /* Reachability.m */,
				43BD8C8816ABBCD6003144E7 /* ASIAuthenticationDialog.h */,
				43BD8C8916ABBCD6003144E7 /* ASIAuthenticationDialog.m */,
				43BD8C8A16ABBCD6003144E7 /* ASICacheDelegate.h */,
				43BD8C8B16ABBCD6003144E7 /* ASIDataCompressor.h */,
				43BD8C8C16ABBCD6003144E7 /* ASIDataCompressor.m */,
				43BD8C8D16ABBCD6003144E7 /* ASIDataDecompressor.h */,
				43BD8C8E16ABBCD6003144E7 /* ASIDataDecompressor.m */,
				43BD8C8F16ABBCD6003144E7 /* ASIDownloadCache.h */,
				43BD8C9016ABBCD6003144E7 /* ASIDownloadCache.m */,
				43BD8C9116ABBCD6003144E7 /* ASIFormDataRequest.h */,
				43BD8C9216ABBCD6003144E7 /* ASIFormDataRequest.m */,
				43BD8C9316ABBCD6003144E7 /* ASIHTTPRequest.h */,
				43BD8C9416ABBCD6003144E7 /* ASIHTTPRequest.m */,
				43BD8C9516ABBCD6003144E7 /* ASIHTTPRequestConfig.h */,
				43BD8C9616ABBCD6003144E7 /* ASIHTTPRequestDelegate.h */,
				43BD8C9716ABBCD6003144E7 /* ASIInputStream.h */,
				43BD8C9816ABBCD6003144E7 /* ASIInputStream.m */,
				43BD8C9916ABBCD6003144E7 /* ASINetworkQueue.h */,
				43BD8C9A16ABBCD6003144E7 /* ASINetworkQueue.m */,
				43BD8C9B16ABBCD6003144E7 /* ASIProgressDelegate.h */,
			);
			name = ASIHTTPRequest;
			path = WebService;
			sourceTree = "<group>";
		};
		43BD8D2416ABBD6C003144E7 /* SBJson */ = {
			isa = PBXGroup;
			children = (
				43BD8CFF16ABBD56003144E7 /* NSObject+SBJson.h */,
				43BD8D0016ABBD56003144E7 /* NSObject+SBJson.m */,
				43BD8D0116ABBD56003144E7 /* SBJson.h */,
				43BD8D0216ABBD56003144E7 /* SBJsonParser.h */,
				43BD8D0316ABBD56003144E7 /* SBJsonParser.m */,
				43BD8D0416ABBD56003144E7 /* SBJsonStreamParser.h */,
				43BD8D0516ABBD56003144E7 /* SBJsonStreamParser.m */,
				43BD8D0616ABBD56003144E7 /* SBJsonStreamParserAccumulator.h */,
				43BD8D0716ABBD56003144E7 /* SBJsonStreamParserAccumulator.m */,
				43BD8D0816ABBD56003144E7 /* SBJsonStreamParserAdapter.h */,
				43BD8D0916ABBD56003144E7 /* SBJsonStreamParserAdapter.m */,
				43BD8D0A16ABBD56003144E7 /* SBJsonStreamParserState.h */,
				43BD8D0B16ABBD56003144E7 /* SBJsonStreamParserState.m */,
				43BD8D0C16ABBD56003144E7 /* SBJsonStreamWriter.h */,
				43BD8D0D16ABBD56003144E7 /* SBJsonStreamWriter.m */,
				43BD8D0E16ABBD56003144E7 /* SBJsonStreamWriterAccumulator.h */,
				43BD8D0F16ABBD56003144E7 /* SBJsonStreamWriterAccumulator.m */,
				43BD8D1016ABBD56003144E7 /* SBJsonStreamWriterState.h */,
				43BD8D1116ABBD56003144E7 /* SBJsonStreamWriterState.m */,
				43BD8D1216ABBD56003144E7 /* SBJsonTokeniser.h */,
				43BD8D1316ABBD56003144E7 /* SBJsonTokeniser.m */,
				43BD8D1416ABBD56003144E7 /* SBJsonUTF8Stream.h */,
				43BD8D1516ABBD56003144E7 /* SBJsonUTF8Stream.m */,
				43BD8D1616ABBD56003144E7 /* SBJsonWriter.h */,
				43BD8D1716ABBD56003144E7 /* SBJsonWriter.m */,
			);
			name = SBJson;
			path = WebService;
			sourceTree = "<group>";
		};
/* End PBXGroup section */

/* Begin PBXNativeTarget section */
		43294C5916ABB8B00074867D /* WebService */ = {
			isa = PBXNativeTarget;
			buildConfigurationList = 43294C9616ABB8B10074867D /* Build configuration list for PBXNativeTarget "WebService" */;
			buildPhases = (
				43294C5616ABB8B00074867D /* Sources */,
				43294C5716ABB8B00074867D /* Frameworks */,
				43294C5816ABB8B00074867D /* Resources */,
			);
			buildRules = (
			);
			dependencies = (
			);
			name = WebService;
			productName = WebService;
			productReference = 43294C5A16ABB8B00074867D /* WebService.app */;
			productType = "com.apple.product-type.application";
		};
		43294C8316ABB8B10074867D /* WebServiceTests */ = {
			isa = PBXNativeTarget;
			buildConfigurationList = 43294C9916ABB8B10074867D /* Build configuration list for PBXNativeTarget "WebServiceTests" */;
			buildPhases = (
				43294C7F16ABB8B10074867D /* Sources */,
				43294C8016ABB8B10074867D /* Frameworks */,
				43294C8116ABB8B10074867D /* Resources */,
				43294C8216ABB8B10074867D /* ShellScript */,
			);
			buildRules = (
			);
			dependencies = (
				43294C8A16ABB8B10074867D /* PBXTargetDependency */,
			);
			name = WebServiceTests;
			productName = WebServiceTests;
			productReference = 43294C8416ABB8B10074867D /* WebServiceTests.octest */;
			productType = "com.apple.product-type.bundle";
		};
/* End PBXNativeTarget section */

/* Begin PBXProject section */
		43294C5116ABB8B00074867D /* Project object */ = {
			isa = PBXProject;
			attributes = {
				LastUpgradeCheck = 0450;
				ORGANIZATIONNAME = "Kintor Labs";
			};
			buildConfigurationList = 43294C5416ABB8B00074867D /* Build configuration list for PBXProject "WebService" */;
			compatibilityVersion = "Xcode 3.2";
			developmentRegion = English;
			hasScannedForEncodings = 0;
			knownRegions = (
				en,
			);
			mainGroup = 43294C4F16ABB8AF0074867D;
			productRefGroup = 43294C5B16ABB8B00074867D /* Products */;
			projectDirPath = "";
			projectRoot = "";
			targets = (
				43294C5916ABB8B00074867D /* WebService */,
				43294C8316ABB8B10074867D /* WebServiceTests */,
			);
		};
/* End PBXProject section */

/* Begin PBXResourcesBuildPhase section */
		43294C5816ABB8B00074867D /* Resources */ = {
			isa = PBXResourcesBuildPhase;
			buildActionMask = 2147483647;
			files = (
				43294C6916ABB8B00074867D /* InfoPlist.strings in Resources */,
				43294C7116ABB8B00074867D /* Default.png in Resources */,
				43294C7316ABB8B00074867D /* Default@2x.png in Resources */,
				43294C7516ABB8B00074867D /* Default-568h@2x.png in Resources */,
				43294C7816ABB8B00074867D /* MainStoryboard_iPhone.storyboard in Resources */,
				43294C7B16ABB8B00074867D /* MainStoryboard_iPad.storyboard in Resources */,
			);
			runOnlyForDeploymentPostprocessing = 0;
		};
		43294C8116ABB8B10074867D /* Resources */ = {
			isa = PBXResourcesBuildPhase;
			buildActionMask = 2147483647;
			files = (
				43294C9016ABB8B10074867D /* InfoPlist.strings in Resources */,
			);
			runOnlyForDeploymentPostprocessing = 0;
		};
/* End PBXResourcesBuildPhase section */

/* Begin PBXShellScriptBuildPhase section */
		43294C8216ABB8B10074867D /* ShellScript */ = {
			isa = PBXShellScriptBuildPhase;
			buildActionMask = 2147483647;
			files = (
			);
			inputPaths = (
			);
			outputPaths = (
			);
			runOnlyForDeploymentPostprocessing = 0;
			shellPath = /bin/sh;
			shellScript = "# Run the unit tests in this test bundle.\n\"${SYSTEM_DEVELOPER_DIR}/Tools/RunUnitTests\"\n";
		};
/* End PBXShellScriptBuildPhase section */

/* Begin PBXSourcesBuildPhase section */
		43294C5616ABB8B00074867D /* Sources */ = {
			isa = PBXSourcesBuildPhase;
			buildActionMask = 2147483647;
			files = (
				43294C6B16ABB8B00074867D /* main.m in Sources */,
				43294C6F16ABB8B00074867D /* AppDelegate.m in Sources */,
				43294C7E16ABB8B00074867D /* ViewController.m in Sources */,
				43BD8CDA16ABBCD6003144E7 /* ASIAuthenticationDialog.m in Sources */,
				43BD8CDB16ABBCD6003144E7 /* ASIDataCompressor.m in Sources */,
				43BD8CDC16ABBCD6003144E7 /* ASIDataDecompressor.m in Sources */,
				43BD8CDD16ABBCD6003144E7 /* ASIDownloadCache.m in Sources */,
				43BD8CDE16ABBCD6003144E7 /* ASIFormDataRequest.m in Sources */,
				43BD8CDF16ABBCD6003144E7 /* ASIHTTPRequest.m in Sources */,
				43BD8CE016ABBCD6003144E7 /* ASIInputStream.m in Sources */,
				43BD8CE116ABBCD6003144E7 /* ASINetworkQueue.m in Sources */,
				43BD8D1816ABBD56003144E7 /* NSObject+SBJson.m in Sources */,
				43BD8D1916ABBD56003144E7 /* SBJsonParser.m in Sources */,
				43BD8D1A16ABBD56003144E7 /* SBJsonStreamParser.m in Sources */,
				43BD8D1B16ABBD56003144E7 /* SBJsonStreamParserAccumulator.m in Sources */,
				43BD8D1C16ABBD56003144E7 /* SBJsonStreamParserAdapter.m in Sources */,
				43BD8D1D16ABBD56003144E7 /* SBJsonStreamParserState.m in Sources */,
				43BD8D1E16ABBD56003144E7 /* SBJsonStreamWriter.m in Sources */,
				43BD8D1F16ABBD56003144E7 /* SBJsonStreamWriterAccumulator.m in Sources */,
				43BD8D2016ABBD56003144E7 /* SBJsonStreamWriterState.m in Sources */,
				43BD8D2116ABBD56003144E7 /* SBJsonTokeniser.m in Sources */,
				43BD8D2216ABBD56003144E7 /* SBJsonUTF8Stream.m in Sources */,
				43BD8D2316ABBD56003144E7 /* SBJsonWriter.m in Sources */,
				43BD8D2F16ABC0C8003144E7 /* Reachability.m in Sources */,
				4351DE6116ABC970005B4C41 /* MBProgressHUD.m in Sources */,
			);
			runOnlyForDeploymentPostprocessing = 0;
		};
		43294C7F16ABB8B10074867D /* Sources */ = {
			isa = PBXSourcesBuildPhase;
			buildActionMask = 2147483647;
			files = (
				43294C9316ABB8B10074867D /* WebServiceTests.m in Sources */,
			);
			runOnlyForDeploymentPostprocessing = 0;
		};
/* End PBXSourcesBuildPhase section */

/* Begin PBXTargetDependency section */
		43294C8A16ABB8B10074867D /* PBXTargetDependency */ = {
			isa = PBXTargetDependency;
			target = 43294C5916ABB8B00074867D /* WebService */;
			targetProxy = 43294C8916ABB8B10074867D /* PBXContainerItemProxy */;
		};
/* End PBXTargetDependency section */

/* Begin PBXVariantGroup section */
		43294C6716ABB8B00074867D /* InfoPlist.strings */ = {
			isa = PBXVariantGroup;
			children = (
				43294C6816ABB8B00074867D /* en */,
			);
			name = InfoPlist.strings;
			sourceTree = "<group>";
		};
		43294C7616ABB8B00074867D /* MainStoryboard_iPhone.storyboard */ = {
			isa = PBXVariantGroup;
			children = (
				43294C7716ABB8B00074867D /* en */,
			);
			name = MainStoryboard_iPhone.storyboard;
			sourceTree = "<group>";
		};
		43294C7916ABB8B00074867D /* MainStoryboard_iPad.storyboard */ = {
			isa = PBXVariantGroup;
			children = (
				43294C7A16ABB8B00074867D /* en */,
			);
			name = MainStoryboard_iPad.storyboard;
			sourceTree = "<group>";
		};
		43294C8E16ABB8B10074867D /* InfoPlist.strings */ = {
			isa = PBXVariantGroup;
			children = (
				43294C8F16ABB8B10074867D /* en */,
			);
			name = InfoPlist.strings;
			sourceTree = "<group>";
		};
/* End PBXVariantGroup section */

/* Begin XCBuildConfiguration section */
		43294C9416ABB8B10074867D /* Debug */ = {
			isa = XCBuildConfiguration;
			buildSettings = {
				ALWAYS_SEARCH_USER_PATHS = NO;
				CLANG_CXX_LANGUAGE_STANDARD = "gnu++0x";
				CLANG_CXX_LIBRARY = "libc++";
				CLANG_ENABLE_OBJC_ARC = YES;
				CLANG_WARN_EMPTY_BODY = YES;
				CLANG_WARN__DUPLICATE_METHOD_MATCH = YES;
				"CODE_SIGN_IDENTITY[sdk=iphoneos*]" = "iPhone Developer";
				COPY_PHASE_STRIP = NO;
				GCC_C_LANGUAGE_STANDARD = gnu99;
				GCC_DYNAMIC_NO_PIC = NO;
				GCC_OPTIMIZATION_LEVEL = 0;
				GCC_PREPROCESSOR_DEFINITIONS = (
					"DEBUG=1",
					"$(inherited)",
				);
				GCC_SYMBOLS_PRIVATE_EXTERN = NO;
				GCC_WARN_ABOUT_RETURN_TYPE = YES;
				GCC_WARN_UNINITIALIZED_AUTOS = YES;
				GCC_WARN_UNUSED_VARIABLE = YES;
				IPHONEOS_DEPLOYMENT_TARGET = 6.0;
				ONLY_ACTIVE_ARCH = YES;
				SDKROOT = iphoneos;
				TARGETED_DEVICE_FAMILY = "1,2";
			};
			name = Debug;
		};
		43294C9516ABB8B10074867D /* Release */ = {
			isa = XCBuildConfiguration;
			buildSettings = {
				ALWAYS_SEARCH_USER_PATHS = NO;
				CLANG_CXX_LANGUAGE_STANDARD = "gnu++0x";
				CLANG_CXX_LIBRARY = "libc++";
				CLANG_ENABLE_OBJC_ARC = YES;
				CLANG_WARN_EMPTY_BODY = YES;
				CLANG_WARN__DUPLICATE_METHOD_MATCH = YES;
				"CODE_SIGN_IDENTITY[sdk=iphoneos*]" = "iPhone Developer";
				COPY_PHASE_STRIP = YES;
				GCC_C_LANGUAGE_STANDARD = gnu99;
				GCC_WARN_ABOUT_RETURN_TYPE = YES;
				GCC_WARN_UNINITIALIZED_AUTOS = YES;
				GCC_WARN_UNUSED_VARIABLE = YES;
				IPHONEOS_DEPLOYMENT_TARGET = 6.0;
				OTHER_CFLAGS = "-DNS_BLOCK_ASSERTIONS=1";
				SDKROOT = iphoneos;
				TARGETED_DEVICE_FAMILY = "1,2";
				VALIDATE_PRODUCT = YES;
			};
			name = Release;
		};
		43294C9716ABB8B10074867D /* Debug */ = {
			isa = XCBuildConfiguration;
			buildSettings = {
				GCC_PRECOMPILE_PREFIX_HEADER = YES;
				GCC_PREFIX_HEADER = "WebService/WebService-Prefix.pch";
				INFOPLIST_FILE = "WebService/WebService-Info.plist";
				PRODUCT_NAME = "$(TARGET_NAME)";
				WRAPPER_EXTENSION = app;
			};
			name = Debug;
		};
		43294C9816ABB8B10074867D /* Release */ = {
			isa = XCBuildConfiguration;
			buildSettings = {
				GCC_PRECOMPILE_PREFIX_HEADER = YES;
				GCC_PREFIX_HEADER = "WebService/WebService-Prefix.pch";
				INFOPLIST_FILE = "WebService/WebService-Info.plist";
				PRODUCT_NAME = "$(TARGET_NAME)";
				WRAPPER_EXTENSION = app;
			};
			name = Release;
		};
		43294C9A16ABB8B10074867D /* Debug */ = {
			isa = XCBuildConfiguration;
			buildSettings = {
				BUNDLE_LOADER = "$(BUILT_PRODUCTS_DIR)/WebService.app/WebService";
				FRAMEWORK_SEARCH_PATHS = (
					"\"$(SDKROOT)/Developer/Library/Frameworks\"",
					"\"$(DEVELOPER_LIBRARY_DIR)/Frameworks\"",
				);
				GCC_PRECOMPILE_PREFIX_HEADER = YES;
				GCC_PREFIX_HEADER = "WebService/WebService-Prefix.pch";
				INFOPLIST_FILE = "WebServiceTests/WebServiceTests-Info.plist";
				PRODUCT_NAME = "$(TARGET_NAME)";
				TEST_HOST = "$(BUNDLE_LOADER)";
				WRAPPER_EXTENSION = octest;
			};
			name = Debug;
		};
		43294C9B16ABB8B10074867D /* Release */ = {
			isa = XCBuildConfiguration;
			buildSettings = {
				BUNDLE_LOADER = "$(BUILT_PRODUCTS_DIR)/WebService.app/WebService";
				FRAMEWORK_SEARCH_PATHS = (
					"\"$(SDKROOT)/Developer/Library/Frameworks\"",
					"\"$(DEVELOPER_LIBRARY_DIR)/Frameworks\"",
				);
				GCC_PRECOMPILE_PREFIX_HEADER = YES;
				GCC_PREFIX_HEADER = "WebService/WebService-Prefix.pch";
				INFOPLIST_FILE = "WebServiceTests/WebServiceTests-Info.plist";
				PRODUCT_NAME = "$(TARGET_NAME)";
				TEST_HOST = "$(BUNDLE_LOADER)";
				WRAPPER_EXTENSION = octest;
			};
			name = Release;
		};
/* End XCBuildConfiguration section */

/* Begin XCConfigurationList section */
		43294C5416ABB8B00074867D /* Build configuration list for PBXProject "WebService" */ = {
			isa = XCConfigurationList;
			buildConfigurations = (
				43294C9416ABB8B10074867D /* Debug */,
				43294C9516ABB8B10074867D /* Release */,
			);
			defaultConfigurationIsVisible = 0;
			defaultConfigurationName = Release;
		};
		43294C9616ABB8B10074867D /* Build configuration list for PBXNativeTarget "WebService" */ = {
			isa = XCConfigurationList;
			buildConfigurations = (
				43294C9716ABB8B10074867D /* Debug */,
				43294C9816ABB8B10074867D /* Release */,
			);
			defaultConfigurationIsVisible = 0;
			defaultConfigurationName = Release;
		};
		43294C9916ABB8B10074867D /* Build configuration list for PBXNativeTarget "WebServiceTests" */ = {
			isa = XCConfigurationList;
			buildConfigurations = (
				43294C9A16ABB8B10074867D /* Debug */,
				43294C9B16ABB8B10074867D /* Release */,
			);
			defaultConfigurationIsVisible = 0;
			defaultConfigurationName = Release;
		};
/* End XCConfigurationList section */
	};
	rootObject = 43294C5116ABB8B00074867D /* Project object */;
}
